
Microsoft Visual Studio Solution File, Format Version 12.00
# Visual Studio Version 17
VisualStudioVersion = 17.4.33110.190
MinimumVisualStudioVersion = 10.0.40219.1
Project("{FAE04EC0-301F-11D3-BF4B-00C04F79EFBC}") = "Орлов", "Орлов\Орлов.csproj", "{0660D74E-FE5C-47DD-99A7-D17937543966}"
EndProject
Global
	GlobalSection(SolutionConfigurationPlatforms) = preSolution
		Debug|Any CPU = Debug|Any CPU
		Release|Any CPU = Release|Any CPU
	EndGlobalSection
	GlobalSection(ProjectConfigurationPlatforms) = postSolution
		{0660D74E-FE5C-47DD-99A7-D17937543966}.Debug|Any CPU.ActiveCfg = Debug|Any CPU
		{0660D74E-FE5C-47DD-99A7-D17937543966}.Debug|Any CPU.Build.0 = Debug|Any CPU
		{0660D74E-FE5C-47DD-99A7-D17937543966}.Release|Any CPU.ActiveCfg = Release|Any CPU
		{0660D74E-FE5C-47DD-99A7-D17937543966}.Release|Any CPU.Build.0 = Release|Any CPU
	EndGlobalSection
	GlobalSection(SolutionProperties) = preSolution
		HideSolutionNode = FALSE
	EndGlobalSection
	GlobalSection(ExtensibilityGlobals) = postSolution
		SolutionGuid = {5EE540EA-8EC7-415F-ABBF-407B91DE4D25}
	EndGlobalSection
EndGlobal
